{
  "requires": true,
  "lockfileVersion": 1,
  "dependencies": {
    "@types/google-apps-script": {
      "version": "0.0.42",
      "resolved": "https://registry.npmjs.org/@types/google-apps-script/-/google-apps-script-0.0.42.tgz",
      "integrity": "sha512-2JHO9aoIPEVrrxMGERC/GkDesyinCFyU1X7EUxH9xvL8W9x93MaCus1A1n/XOT56lwIGcE88D7IRZjT9U9R9Gw=="
    }
  }
}
